{
  "name": "favorites",
  "version": "1.0.0",
  "lockfileVersion": 1,
  "requires": true,
  "dependencies": {
    "webix": {
      "version": "6.2.1",
      "resolved": "https://registry.npmjs.org/webix/-/webix-6.2.1.tgz",
      "integrity": "sha512-NZlXwsNbJPZGJpC9Q5RvM9ykztKYo1bPvmWqFz3/z3W6UH8ElRB//+m4ENhubDyyaoXziQy/FXzMYohzhHILzg=="
    }
  }
}
