{
  "name": "books",
  "version": "1.0.0",
  "lockfileVersion": 1,
  "requires": true,
  "dependencies": {
    "@fortawesome/fontawesome-free": {
      "version": "5.8.1",
      "resolved": "https://registry.npmjs.org/@fortawesome/fontawesome-free/-/fontawesome-free-5.8.1.tgz",
      "integrity": "sha512-GJtx6e55qLEOy2gPOsok2lohjpdWNGrYGtQx0FFT/++K4SYx+Z8LlPHdQBaFzKEwH5IbBB4fNgb//uyZjgYXoA==",
      "dev": true
    },
    "bootstrap": {
      "version": "4.3.1",
      "resolved": "https://registry.npmjs.org/bootstrap/-/bootstrap-4.3.1.tgz",
      "integrity": "sha512-rXqOmH1VilAt2DyPzluTi2blhk17bO7ef+zLLPlWvG494pDxcM234pJ8wTc/6R40UWizAIIMgxjvxZg5kmsbag=="
    },
    "font-awesome": {
      "version": "4.3.0",
      "resolved": "https://registry.npmjs.org/font-awesome/-/font-awesome-4.3.0.tgz",
      "integrity": "sha1-RO63kM35hmQnhvM/znhHZPGEHEA="
    },
    "fuse.js": {
      "version": "3.4.4",
      "resolved": "https://registry.npmjs.org/fuse.js/-/fuse.js-3.4.4.tgz",
      "integrity": "sha512-pyLQo/1oR5Ywf+a/tY8z4JygnIglmRxVUOiyFAbd11o9keUDpUJSMGRWJngcnkURj30kDHPmhoKY8ChJiz3EpQ=="
    },
    "jquery": {
      "version": "3.3.1",
      "resolved": "https://registry.npmjs.org/jquery/-/jquery-3.3.1.tgz",
      "integrity": "sha512-Ubldcmxp5np52/ENotGxlLe6aGMvmF4R8S6tZjsP6Knsaxd/xp3Zrh50cG93lR6nPXyUFwzN3ZSOQI0wRJNdGg=="
    },
    "jquery.waitforimages": {
      "version": "2.4.0",
      "resolved": "https://registry.npmjs.org/jquery.waitforimages/-/jquery.waitforimages-2.4.0.tgz",
      "integrity": "sha512-GmkE2wf2vUlg+XayDq0bfUtsn/Wq7FIX1NjnOtMjl63goz/PKj7787RoTJXQx6XAaZAO3TQ3QoLfLwWsaDKOhQ=="
    },
    "popper.js": {
      "version": "1.14.7",
      "resolved": "https://registry.npmjs.org/popper.js/-/popper.js-1.14.7.tgz",
      "integrity": "sha512-4q1hNvoUre/8srWsH7hnoSJ5xVmIL4qgz+s4qf2TnJIMyZFUFMGH+9vE7mXynAlHSZ/NdTmmow86muD0myUkVQ=="
    },
    "semantic-ui-dimmer": {
      "version": "2.4.0",
      "resolved": "https://registry.npmjs.org/semantic-ui-dimmer/-/semantic-ui-dimmer-2.4.0.tgz",
      "integrity": "sha512-ra7sd+LMtf4ZKXm1AxwemIrj2tuoFPejvVOFEMYGK/gtKu7cXt6TeIbwE7jyZ8w4c9y0SCb2Zpd38iu2wQyqVA=="
    },
    "semantic-ui-icon": {
      "version": "2.3.3",
      "resolved": "https://registry.npmjs.org/semantic-ui-icon/-/semantic-ui-icon-2.3.3.tgz",
      "integrity": "sha512-TuO265ICYGoNPs0rjanqDlrx8hfcpl4MMv92OUwFCbDwee4nGj8+Dv+i1RvkPPr0gO565G/0EKs8vF4wwhMMBw=="
    },
    "semantic-ui-input": {
      "version": "2.4.0",
      "resolved": "https://registry.npmjs.org/semantic-ui-input/-/semantic-ui-input-2.4.0.tgz",
      "integrity": "sha512-W9DHNzzYb7OuO2X6T2tcbHhgN9wR7mf6cpj98tQcPybMr4qOmIN9OvICPwErGM4GMDXUF/ekMzCBF8xDEe7lyQ=="
    },
    "semantic-ui-list": {
      "version": "2.4.0",
      "resolved": "https://registry.npmjs.org/semantic-ui-list/-/semantic-ui-list-2.4.0.tgz",
      "integrity": "sha512-Fs2bwdHhXW2fxEYZpNtlk5989g8QUlTCJ4ohIlsmmj2Vxf8bQTk/BmLQ3hVgOS0N3w48/EnHRQTGSy7jieZT0g=="
    },
    "semantic-ui-loader": {
      "version": "2.3.1",
      "resolved": "https://registry.npmjs.org/semantic-ui-loader/-/semantic-ui-loader-2.3.1.tgz",
      "integrity": "sha512-mOzzJDMKp255O1HlEhAKO3Qf73C8V+8h1z9LJforTZuGyVIAaoX4o9W1vkXGfxDFhNVR5cSkILTIPlZmCKY1dw=="
    }
  }
}
